
Microsoft Visual Studio Solution File, Format Version 12.00
# Visual Studio Version 17
VisualStudioVersion = 17.11.35312.102
MinimumVisualStudioVersion = 10.0.40219.1
Project("{FAE04EC0-301F-11D3-BF4B-00C04F79EFBC}") = "labo12-arrayFuncties", "labo12-arrayFuncties\labo12-arrayFuncties.csproj", "{ED16F48A-AEB9-43F3-8904-E013FA2E448D}"
EndProject
Global
	GlobalSection(SolutionConfigurationPlatforms) = preSolution
		Debug|Any CPU = Debug|Any CPU
		Release|Any CPU = Release|Any CPU
	EndGlobalSection
	GlobalSection(ProjectConfigurationPlatforms) = postSolution
		{ED16F48A-AEB9-43F3-8904-E013FA2E448D}.Debug|Any CPU.ActiveCfg = Debug|Any CPU
		{ED16F48A-AEB9-43F3-8904-E013FA2E448D}.Debug|Any CPU.Build.0 = Debug|Any CPU
		{ED16F48A-AEB9-43F3-8904-E013FA2E448D}.Release|Any CPU.ActiveCfg = Release|Any CPU
		{ED16F48A-AEB9-43F3-8904-E013FA2E448D}.Release|Any CPU.Build.0 = Release|Any CPU
	EndGlobalSection
	GlobalSection(SolutionProperties) = preSolution
		HideSolutionNode = FALSE
	EndGlobalSection
	GlobalSection(ExtensibilityGlobals) = postSolution
		SolutionGuid = {CB4C40C6-9FFF-4764-AFC6-211DCDA2A972}
	EndGlobalSection
EndGlobal
